
Microsoft Visual Studio Solution File, Format Version 12.00
# Visual Studio Version 16
VisualStudioVersion = 25.0.1706.8
MinimumVisualStudioVersion = 10.0.40219.1
Project("{FAE04EC0-301F-11D3-BF4B-00C04F79EFBC}") = "Tesla", "Tesla\Tesla.csproj", "{022CB667-305C-4339-A6D5-65AAB9D0130A}"
EndProject
Global
	GlobalSection(SolutionConfigurationPlatforms) = preSolution
		Debug|Any CPU = Debug|Any CPU
		Release|Any CPU = Release|Any CPU
	EndGlobalSection
	GlobalSection(ProjectConfigurationPlatforms) = postSolution
		{022CB667-305C-4339-A6D5-65AAB9D0130A}.Debug|Any CPU.ActiveCfg = Debug|Any CPU
		{022CB667-305C-4339-A6D5-65AAB9D0130A}.Debug|Any CPU.Build.0 = Debug|Any CPU
		{022CB667-305C-4339-A6D5-65AAB9D0130A}.Release|Any CPU.ActiveCfg = Release|Any CPU
		{022CB667-305C-4339-A6D5-65AAB9D0130A}.Release|Any CPU.Build.0 = Release|Any CPU
	EndGlobalSection
	GlobalSection(SolutionProperties) = preSolution
		HideSolutionNode = FALSE
	EndGlobalSection
	GlobalSection(ExtensibilityGlobals) = postSolution
		SolutionGuid = {9C124ECD-F235-411C-8AFB-7CE47C5DAAAC}
	EndGlobalSection
EndGlobal
